// !$*UTF8*$!
{
	archiveVersion = 1;
	classes = {
	};
	objectVersion = 56;
	objects = {

/* Begin PBXBuildFile section */
		2E0B4B0D2B0691AF0028972F /* FestivalApp.swift in Sources */ = {isa = PBXBuildFile; fileRef = 2E0B4B0C2B0691AF0028972F /* FestivalApp.swift */; };
		2E0B4B0F2B0691AF0028972F /* LineupView.swift in Sources */ = {isa = PBXBuildFile; fileRef = 2E0B4B0E2B0691AF0028972F /* LineupView.swift */; };
		2E0B4B112B0691B00028972F /* Assets.xcassets in Resources */ = {isa = PBXBuildFile; fileRef = 2E0B4B102B0691B00028972F /* Assets.xcassets */; };
		2E0B4B152B0691B00028972F /* Preview Assets.xcassets in Resources */ = {isa = PBXBuildFile; fileRef = 2E0B4B142B0691B00028972F /* Preview Assets.xcassets */; };
		2E0B4B1F2B0691B00028972F /* FestivalServiceTests.swift in Sources */ = {isa = PBXBuildFile; fileRef = 2E0B4B1E2B0691B00028972F /* FestivalServiceTests.swift */; };
		2E0B4B3D2B07A2B40028972F /* Act.swift in Sources */ = {isa = PBXBuildFile; fileRef = 2E0B4B3C2B07A2B40028972F /* Act.swift */; };
		2E0B4B412B07A3370028972F /* Util.swift in Sources */ = {isa = PBXBuildFile; fileRef = 2E0B4B402B07A3370028972F /* Util.swift */; };
		2E0B4B442B07ACF20028972F /* LineupViewModel.swift in Sources */ = {isa = PBXBuildFile; fileRef = 2E0B4B432B07ACF20028972F /* LineupViewModel.swift */; };
		2E0B4B462B07D1F90028972F /* Act+Mocks.swift in Sources */ = {isa = PBXBuildFile; fileRef = 2E0B4B452B07D1F90028972F /* Act+Mocks.swift */; };
		2E0B4B502B07E5490028972F /* ActDetailView.swift in Sources */ = {isa = PBXBuildFile; fileRef = 2E0B4B4F2B07E5490028972F /* ActDetailView.swift */; };
		2E0B4B522B07EC040028972F /* Location.swift in Sources */ = {isa = PBXBuildFile; fileRef = 2E0B4B512B07EC040028972F /* Location.swift */; };
		2E0B4B542B07EC380028972F /* Location+UI.swift in Sources */ = {isa = PBXBuildFile; fileRef = 2E0B4B532B07EC380028972F /* Location+UI.swift */; };
		2E0B4B562B07FAEE0028972F /* ActDetailUIModel.swift in Sources */ = {isa = PBXBuildFile; fileRef = 2E0B4B552B07FAEE0028972F /* ActDetailUIModel.swift */; };
		2E0B4B582B0802E90028972F /* Act+UI.swift in Sources */ = {isa = PBXBuildFile; fileRef = 2E0B4B572B0802E90028972F /* Act+UI.swift */; };
		2E0B4B5A2B08105C0028972F /* ActCompactView.swift in Sources */ = {isa = PBXBuildFile; fileRef = 2E0B4B592B08105C0028972F /* ActCompactView.swift */; };
		2E0B4B5C2B08149F0028972F /* ActCompactUIModel.swift in Sources */ = {isa = PBXBuildFile; fileRef = 2E0B4B5B2B08149F0028972F /* ActCompactUIModel.swift */; };
		2E0B4B632B0822C00028972F /* ScrollKit in Frameworks */ = {isa = PBXBuildFile; productRef = 2E0B4B622B0822C00028972F /* ScrollKit */; };
		2E0B4B652B082CC80028972F /* FestivalService.swift in Sources */ = {isa = PBXBuildFile; fileRef = 2E0B4B642B082CC80028972F /* FestivalService.swift */; };
		2E0B4B692B082E9F0028972F /* RealFestivalService.swift in Sources */ = {isa = PBXBuildFile; fileRef = 2E0B4B682B082E9F0028972F /* RealFestivalService.swift */; };
		2E0B4B6B2B0830390028972F /* Router.swift in Sources */ = {isa = PBXBuildFile; fileRef = 2E0B4B6A2B0830390028972F /* Router.swift */; };
		2E0B4B6D2B0833F10028972F /* NetworkExecutor.swift in Sources */ = {isa = PBXBuildFile; fileRef = 2E0B4B6C2B0833F10028972F /* NetworkExecutor.swift */; };
		2E0B4B6F2B0834320028972F /* RealNetworkExecutor.swift in Sources */ = {isa = PBXBuildFile; fileRef = 2E0B4B6E2B0834320028972F /* RealNetworkExecutor.swift */; };
		2E0B4B712B0839D50028972F /* fest_lineup.json in Resources */ = {isa = PBXBuildFile; fileRef = 2E0B4B702B0839D50028972F /* fest_lineup.json */; };
/* End PBXBuildFile section */

/* Begin PBXContainerItemProxy section */
		2E0B4B1B2B0691B00028972F /* PBXContainerItemProxy */ = {
			isa = PBXContainerItemProxy;
			containerPortal = 2E0B4B012B0691AF0028972F /* Project object */;
			proxyType = 1;
			remoteGlobalIDString = 2E0B4B082B0691AF0028972F;
			remoteInfo = Festival;
		};
/* End PBXContainerItemProxy section */

/* Begin PBXFileReference section */
		2E0B4B092B0691AF0028972F /* Festival.app */ = {isa = PBXFileReference; explicitFileType = wrapper.application; includeInIndex = 0; path = Festival.app; sourceTree = BUILT_PRODUCTS_DIR; };
		2E0B4B0C2B0691AF0028972F /* FestivalApp.swift */ = {isa = PBXFileReference; lastKnownFileType = sourcecode.swift; path = FestivalApp.swift; sourceTree = "<group>"; };
		2E0B4B0E2B0691AF0028972F /* LineupView.swift */ = {isa = PBXFileReference; lastKnownFileType = sourcecode.swift; path = LineupView.swift; sourceTree = "<group>"; };
		2E0B4B102B0691B00028972F /* Assets.xcassets */ = {isa = PBXFileReference; lastKnownFileType = folder.assetcatalog; path = Assets.xcassets; sourceTree = "<group>"; };
		2E0B4B122B0691B00028972F /* Festival.entitlements */ = {isa = PBXFileReference; lastKnownFileType = text.plist.entitlements; path = Festival.entitlements; sourceTree = "<group>"; };
		2E0B4B142B0691B00028972F /* Preview Assets.xcassets */ = {isa = PBXFileReference; lastKnownFileType = folder.assetcatalog; path = "Preview Assets.xcassets"; sourceTree = "<group>"; };
		2E0B4B1A2B0691B00028972F /* FestivalTests.xctest */ = {isa = PBXFileReference; explicitFileType = wrapper.cfbundle; includeInIndex = 0; path = FestivalTests.xctest; sourceTree = BUILT_PRODUCTS_DIR; };
		2E0B4B1E2B0691B00028972F /* FestivalServiceTests.swift */ = {isa = PBXFileReference; lastKnownFileType = sourcecode.swift; path = FestivalServiceTests.swift; sourceTree = "<group>"; };
		2E0B4B3C2B07A2B40028972F /* Act.swift */ = {isa = PBXFileReference; lastKnownFileType = sourcecode.swift; path = Act.swift; sourceTree = "<group>"; };
		2E0B4B402B07A3370028972F /* Util.swift */ = {isa = PBXFileReference; lastKnownFileType = sourcecode.swift; path = Util.swift; sourceTree = "<group>"; };
		2E0B4B432B07ACF20028972F /* LineupViewModel.swift */ = {isa = PBXFileReference; lastKnownFileType = sourcecode.swift; path = LineupViewModel.swift; sourceTree = "<group>"; };
		2E0B4B452B07D1F90028972F /* Act+Mocks.swift */ = {isa = PBXFileReference; lastKnownFileType = sourcecode.swift; path = "Act+Mocks.swift"; sourceTree = "<group>"; };
		2E0B4B4F2B07E5490028972F /* ActDetailView.swift */ = {isa = PBXFileReference; lastKnownFileType = sourcecode.swift; path = ActDetailView.swift; sourceTree = "<group>"; };
		2E0B4B512B07EC040028972F /* Location.swift */ = {isa = PBXFileReference; lastKnownFileType = sourcecode.swift; path = Location.swift; sourceTree = "<group>"; };
		2E0B4B532B07EC380028972F /* Location+UI.swift */ = {isa = PBXFileReference; lastKnownFileType = sourcecode.swift; path = "Location+UI.swift"; sourceTree = "<group>"; };
		2E0B4B552B07FAEE0028972F /* ActDetailUIModel.swift */ = {isa = PBXFileReference; lastKnownFileType = sourcecode.swift; path = ActDetailUIModel.swift; sourceTree = "<group>"; };
		2E0B4B572B0802E90028972F /* Act+UI.swift */ = {isa = PBXFileReference; lastKnownFileType = sourcecode.swift; path = "Act+UI.swift"; sourceTree = "<group>"; };
		2E0B4B592B08105C0028972F /* ActCompactView.swift */ = {isa = PBXFileReference; lastKnownFileType = sourcecode.swift; path = ActCompactView.swift; sourceTree = "<group>"; };
		2E0B4B5B2B08149F0028972F /* ActCompactUIModel.swift */ = {isa = PBXFileReference; lastKnownFileType = sourcecode.swift; path = ActCompactUIModel.swift; sourceTree = "<group>"; };
		2E0B4B642B082CC80028972F /* FestivalService.swift */ = {isa = PBXFileReference; lastKnownFileType = sourcecode.swift; path = FestivalService.swift; sourceTree = "<group>"; };
		2E0B4B682B082E9F0028972F /* RealFestivalService.swift */ = {isa = PBXFileReference; lastKnownFileType = sourcecode.swift; path = RealFestivalService.swift; sourceTree = "<group>"; };
		2E0B4B6A2B0830390028972F /* Router.swift */ = {isa = PBXFileReference; lastKnownFileType = sourcecode.swift; path = Router.swift; sourceTree = "<group>"; };
		2E0B4B6C2B0833F10028972F /* NetworkExecutor.swift */ = {isa = PBXFileReference; lastKnownFileType = sourcecode.swift; path = NetworkExecutor.swift; sourceTree = "<group>"; };
		2E0B4B6E2B0834320028972F /* RealNetworkExecutor.swift */ = {isa = PBXFileReference; lastKnownFileType = sourcecode.swift; path = RealNetworkExecutor.swift; sourceTree = "<group>"; };
		2E0B4B702B0839D50028972F /* fest_lineup.json */ = {isa = PBXFileReference; fileEncoding = 4; lastKnownFileType = text.json; path = fest_lineup.json; sourceTree = "<group>"; };
/* End PBXFileReference section */

/* Begin PBXFrameworksBuildPhase section */
		2E0B4B062B0691AF0028972F /* Frameworks */ = {
			isa = PBXFrameworksBuildPhase;
			buildActionMask = 2147483647;
			files = (
				2E0B4B632B0822C00028972F /* ScrollKit in Frameworks */,
			);
			runOnlyForDeploymentPostprocessing = 0;
		};
		2E0B4B172B0691B00028972F /* Frameworks */ = {
			isa = PBXFrameworksBuildPhase;
			buildActionMask = 2147483647;
			files = (
			);
			runOnlyForDeploymentPostprocessing = 0;
		};
/* End PBXFrameworksBuildPhase section */

/* Begin PBXGroup section */
		2E0B4B002B0691AF0028972F = {
			isa = PBXGroup;
			children = (
				2E0B4B0B2B0691AF0028972F /* Festival */,
				2E0B4B1D2B0691B00028972F /* FestivalTests */,
				2E0B4B0A2B0691AF0028972F /* Products */,
				2E0B4B382B06A8E00028972F /* Frameworks */,
			);
			sourceTree = "<group>";
		};
		2E0B4B0A2B0691AF0028972F /* Products */ = {
			isa = PBXGroup;
			children = (
				2E0B4B092B0691AF0028972F /* Festival.app */,
				2E0B4B1A2B0691B00028972F /* FestivalTests.xctest */,
			);
			name = Products;
			sourceTree = "<group>";
		};
		2E0B4B0B2B0691AF0028972F /* Festival */ = {
			isa = PBXGroup;
			children = (
				2E0B4B0C2B0691AF0028972F /* FestivalApp.swift */,
				2E0B4B422B07ABE70028972F /* Networking */,
				2E0B4B3B2B07A2A00028972F /* Models */,
				2E0B4B4A2B07D5FD0028972F /* Views */,
				2E0B4B102B0691B00028972F /* Assets.xcassets */,
				2E0B4B122B0691B00028972F /* Festival.entitlements */,
				2E0B4B132B0691B00028972F /* Preview Content */,
			);
			path = Festival;
			sourceTree = "<group>";
		};
		2E0B4B132B0691B00028972F /* Preview Content */ = {
			isa = PBXGroup;
			children = (
				2E0B4B142B0691B00028972F /* Preview Assets.xcassets */,
			);
			path = "Preview Content";
			sourceTree = "<group>";
		};
		2E0B4B1D2B0691B00028972F /* FestivalTests */ = {
			isa = PBXGroup;
			children = (
				2E0B4B1E2B0691B00028972F /* FestivalServiceTests.swift */,
				2E0B4B402B07A3370028972F /* Util.swift */,
				2E0B4B702B0839D50028972F /* fest_lineup.json */,
			);
			path = FestivalTests;
			sourceTree = "<group>";
		};
		2E0B4B382B06A8E00028972F /* Frameworks */ = {
			isa = PBXGroup;
			children = (
			);
			name = Frameworks;
			sourceTree = "<group>";
		};
		2E0B4B3B2B07A2A00028972F /* Models */ = {
			isa = PBXGroup;
			children = (
				2E0B4B3C2B07A2B40028972F /* Act.swift */,
				2E0B4B572B0802E90028972F /* Act+UI.swift */,
				2E0B4B452B07D1F90028972F /* Act+Mocks.swift */,
				2E0B4B512B07EC040028972F /* Location.swift */,
				2E0B4B532B07EC380028972F /* Location+UI.swift */,
			);
			path = Models;
			sourceTree = "<group>";
		};
		2E0B4B422B07ABE70028972F /* Networking */ = {
			isa = PBXGroup;
			children = (
				2E0B4B6A2B0830390028972F /* Router.swift */,
				2E0B4B6C2B0833F10028972F /* NetworkExecutor.swift */,
				2E0B4B6E2B0834320028972F /* RealNetworkExecutor.swift */,
				2E0B4B642B082CC80028972F /* FestivalService.swift */,
				2E0B4B682B082E9F0028972F /* RealFestivalService.swift */,
			);
			path = Networking;
			sourceTree = "<group>";
		};
		2E0B4B4A2B07D5FD0028972F /* Views */ = {
			isa = PBXGroup;
			children = (
				2E0B4B0E2B0691AF0028972F /* LineupView.swift */,
				2E0B4B432B07ACF20028972F /* LineupViewModel.swift */,
				2E0B4B592B08105C0028972F /* ActCompactView.swift */,
				2E0B4B5B2B08149F0028972F /* ActCompactUIModel.swift */,
				2E0B4B4F2B07E5490028972F /* ActDetailView.swift */,
				2E0B4B552B07FAEE0028972F /* ActDetailUIModel.swift */,
			);
			path = Views;
			sourceTree = "<group>";
		};
/* End PBXGroup section */

/* Begin PBXNativeTarget section */
		2E0B4B082B0691AF0028972F /* Festival */ = {
			isa = PBXNativeTarget;
			buildConfigurationList = 2E0B4B2E2B0691B00028972F /* Build configuration list for PBXNativeTarget "Festival" */;
			buildPhases = (
				2E0B4B052B0691AF0028972F /* Sources */,
				2E0B4B062B0691AF0028972F /* Frameworks */,
				2E0B4B072B0691AF0028972F /* Resources */,
			);
			buildRules = (
			);
			dependencies = (
			);
			name = Festival;
			packageProductDependencies = (
				2E0B4B622B0822C00028972F /* ScrollKit */,
			);
			productName = Festival;
			productReference = 2E0B4B092B0691AF0028972F /* Festival.app */;
			productType = "com.apple.product-type.application";
		};
		2E0B4B192B0691B00028972F /* FestivalTests */ = {
			isa = PBXNativeTarget;
			buildConfigurationList = 2E0B4B312B0691B00028972F /* Build configuration list for PBXNativeTarget "FestivalTests" */;
			buildPhases = (
				2E0B4B162B0691B00028972F /* Sources */,
				2E0B4B172B0691B00028972F /* Frameworks */,
				2E0B4B182B0691B00028972F /* Resources */,
			);
			buildRules = (
			);
			dependencies = (
				2E0B4B1C2B0691B00028972F /* PBXTargetDependency */,
			);
			name = FestivalTests;
			productName = FestivalTests;
			productReference = 2E0B4B1A2B0691B00028972F /* FestivalTests.xctest */;
			productType = "com.apple.product-type.bundle.unit-test";
		};
/* End PBXNativeTarget section */

/* Begin PBXProject section */
		2E0B4B012B0691AF0028972F /* Project object */ = {
			isa = PBXProject;
			attributes = {
				BuildIndependentTargetsInParallel = 1;
				LastSwiftUpdateCheck = 1500;
				LastUpgradeCheck = 1500;
				TargetAttributes = {
					2E0B4B082B0691AF0028972F = {
						CreatedOnToolsVersion = 15.0.1;
					};
					2E0B4B192B0691B00028972F = {
						CreatedOnToolsVersion = 15.0.1;
						TestTargetID = 2E0B4B082B0691AF0028972F;
					};
				};
			};
			buildConfigurationList = 2E0B4B042B0691AF0028972F /* Build configuration list for PBXProject "Festival" */;
			compatibilityVersion = "Xcode 14.0";
			developmentRegion = en;
			hasScannedForEncodings = 0;
			knownRegions = (
				en,
				Base,
			);
			mainGroup = 2E0B4B002B0691AF0028972F;
			packageReferences = (
				2E0B4B612B0822C00028972F /* XCRemoteSwiftPackageReference "ScrollKit" */,
			);
			productRefGroup = 2E0B4B0A2B0691AF0028972F /* Products */;
			projectDirPath = "";
			projectRoot = "";
			targets = (
				2E0B4B082B0691AF0028972F /* Festival */,
				2E0B4B192B0691B00028972F /* FestivalTests */,
			);
		};
/* End PBXProject section */

/* Begin PBXResourcesBuildPhase section */
		2E0B4B072B0691AF0028972F /* Resources */ = {
			isa = PBXResourcesBuildPhase;
			buildActionMask = 2147483647;
			files = (
				2E0B4B152B0691B00028972F /* Preview Assets.xcassets in Resources */,
				2E0B4B112B0691B00028972F /* Assets.xcassets in Resources */,
			);
			runOnlyForDeploymentPostprocessing = 0;
		};
		2E0B4B182B0691B00028972F /* Resources */ = {
			isa = PBXResourcesBuildPhase;
			buildActionMask = 2147483647;
			files = (
				2E0B4B712B0839D50028972F /* fest_lineup.json in Resources */,
			);
			runOnlyForDeploymentPostprocessing = 0;
		};
/* End PBXResourcesBuildPhase section */

/* Begin PBXSourcesBuildPhase section */
		2E0B4B052B0691AF0028972F /* Sources */ = {
			isa = PBXSourcesBuildPhase;
			buildActionMask = 2147483647;
			files = (
				2E0B4B582B0802E90028972F /* Act+UI.swift in Sources */,
				2E0B4B3D2B07A2B40028972F /* Act.swift in Sources */,
				2E0B4B442B07ACF20028972F /* LineupViewModel.swift in Sources */,
				2E0B4B562B07FAEE0028972F /* ActDetailUIModel.swift in Sources */,
				2E0B4B522B07EC040028972F /* Location.swift in Sources */,
				2E0B4B692B082E9F0028972F /* RealFestivalService.swift in Sources */,
				2E0B4B5A2B08105C0028972F /* ActCompactView.swift in Sources */,
				2E0B4B6B2B0830390028972F /* Router.swift in Sources */,
				2E0B4B462B07D1F90028972F /* Act+Mocks.swift in Sources */,
				2E0B4B6D2B0833F10028972F /* NetworkExecutor.swift in Sources */,
				2E0B4B652B082CC80028972F /* FestivalService.swift in Sources */,
				2E0B4B542B07EC380028972F /* Location+UI.swift in Sources */,
				2E0B4B502B07E5490028972F /* ActDetailView.swift in Sources */,
				2E0B4B0F2B0691AF0028972F /* LineupView.swift in Sources */,
				2E0B4B5C2B08149F0028972F /* ActCompactUIModel.swift in Sources */,
				2E0B4B0D2B0691AF0028972F /* FestivalApp.swift in Sources */,
				2E0B4B6F2B0834320028972F /* RealNetworkExecutor.swift in Sources */,
			);
			runOnlyForDeploymentPostprocessing = 0;
		};
		2E0B4B162B0691B00028972F /* Sources */ = {
			isa = PBXSourcesBuildPhase;
			buildActionMask = 2147483647;
			files = (
				2E0B4B1F2B0691B00028972F /* FestivalServiceTests.swift in Sources */,
				2E0B4B412B07A3370028972F /* Util.swift in Sources */,
			);
			runOnlyForDeploymentPostprocessing = 0;
		};
/* End PBXSourcesBuildPhase section */

/* Begin PBXTargetDependency section */
		2E0B4B1C2B0691B00028972F /* PBXTargetDependency */ = {
			isa = PBXTargetDependency;
			target = 2E0B4B082B0691AF0028972F /* Festival */;
			targetProxy = 2E0B4B1B2B0691B00028972F /* PBXContainerItemProxy */;
		};
/* End PBXTargetDependency section */

/* Begin XCBuildConfiguration section */
		2E0B4B2C2B0691B00028972F /* Debug */ = {
			isa = XCBuildConfiguration;
			buildSettings = {
				ALWAYS_SEARCH_USER_PATHS = NO;
				ASSETCATALOG_COMPILER_GENERATE_SWIFT_ASSET_SYMBOL_EXTENSIONS = YES;
				CLANG_ANALYZER_NONNULL = YES;
				CLANG_ANALYZER_NUMBER_OBJECT_CONVERSION = YES_AGGRESSIVE;
				CLANG_CXX_LANGUAGE_STANDARD = "gnu++20";
				CLANG_ENABLE_MODULES = YES;
				CLANG_ENABLE_OBJC_ARC = YES;
				CLANG_ENABLE_OBJC_WEAK = YES;
				CLANG_WARN_BLOCK_CAPTURE_AUTORELEASING = YES;
				CLANG_WARN_BOOL_CONVERSION = YES;
				CLANG_WARN_COMMA = YES;
				CLANG_WARN_CONSTANT_CONVERSION = YES;
				CLANG_WARN_DEPRECATED_OBJC_IMPLEMENTATIONS = YES;
				CLANG_WARN_DIRECT_OBJC_ISA_USAGE = YES_ERROR;
				CLANG_WARN_DOCUMENTATION_COMMENTS = YES;
				CLANG_WARN_EMPTY_BODY = YES;
				CLANG_WARN_ENUM_CONVERSION = YES;
				CLANG_WARN_INFINITE_RECURSION = YES;
				CLANG_WARN_INT_CONVERSION = YES;
				CLANG_WARN_NON_LITERAL_NULL_CONVERSION = YES;
				CLANG_WARN_OBJC_IMPLICIT_RETAIN_SELF = YES;
				CLANG_WARN_OBJC_LITERAL_CONVERSION = YES;
				CLANG_WARN_OBJC_ROOT_CLASS = YES_ERROR;
				CLANG_WARN_QUOTED_INCLUDE_IN_FRAMEWORK_HEADER = YES;
				CLANG_WARN_RANGE_LOOP_ANALYSIS = YES;
				CLANG_WARN_STRICT_PROTOTYPES = YES;
				CLANG_WARN_SUSPICIOUS_MOVE = YES;
				CLANG_WARN_UNGUARDED_AVAILABILITY = YES_AGGRESSIVE;
				CLANG_WARN_UNREACHABLE_CODE = YES;
				CLANG_WARN__DUPLICATE_METHOD_MATCH = YES;
				COPY_PHASE_STRIP = NO;
				DEBUG_INFORMATION_FORMAT = dwarf;
				ENABLE_STRICT_OBJC_MSGSEND = YES;
				ENABLE_TESTABILITY = YES;
				ENABLE_USER_SCRIPT_SANDBOXING = YES;
				GCC_C_LANGUAGE_STANDARD = gnu17;
				GCC_DYNAMIC_NO_PIC = NO;
				GCC_NO_COMMON_BLOCKS = YES;
				GCC_OPTIMIZATION_LEVEL = 0;
				GCC_PREPROCESSOR_DEFINITIONS = (
					"DEBUG=1",
					"$(inherited)",
				);
				GCC_WARN_64_TO_32_BIT_CONVERSION = YES;
				GCC_WARN_ABOUT_RETURN_TYPE = YES_ERROR;
				GCC_WARN_UNDECLARED_SELECTOR = YES;
				GCC_WARN_UNINITIALIZED_AUTOS = YES_AGGRESSIVE;
				GCC_WARN_UNUSED_FUNCTION = YES;
				GCC_WARN_UNUSED_VARIABLE = YES;
				LOCALIZATION_PREFERS_STRING_CATALOGS = YES;
				MTL_ENABLE_DEBUG_INFO = INCLUDE_SOURCE;
				MTL_FAST_MATH = YES;
				ONLY_ACTIVE_ARCH = YES;
				SWIFT_ACTIVE_COMPILATION_CONDITIONS = "DEBUG $(inherited)";
				SWIFT_OPTIMIZATION_LEVEL = "-Onone";
			};
			name = Debug;
		};
		2E0B4B2D2B0691B00028972F /* Release */ = {
			isa = XCBuildConfiguration;
			buildSettings = {
				ALWAYS_SEARCH_USER_PATHS = NO;
				ASSETCATALOG_COMPILER_GENERATE_SWIFT_ASSET_SYMBOL_EXTENSIONS = YES;
				CLANG_ANALYZER_NONNULL = YES;
				CLANG_ANALYZER_NUMBER_OBJECT_CONVERSION = YES_AGGRESSIVE;
				CLANG_CXX_LANGUAGE_STANDARD = "gnu++20";
				CLANG_ENABLE_MODULES = YES;
				CLANG_ENABLE_OBJC_ARC = YES;
				CLANG_ENABLE_OBJC_WEAK = YES;
				CLANG_WARN_BLOCK_CAPTURE_AUTORELEASING = YES;
				CLANG_WARN_BOOL_CONVERSION = YES;
				CLANG_WARN_COMMA = YES;
				CLANG_WARN_CONSTANT_CONVERSION = YES;
				CLANG_WARN_DEPRECATED_OBJC_IMPLEMENTATIONS = YES;
				CLANG_WARN_DIRECT_OBJC_ISA_USAGE = YES_ERROR;
				CLANG_WARN_DOCUMENTATION_COMMENTS = YES;
				CLANG_WARN_EMPTY_BODY = YES;
				CLANG_WARN_ENUM_CONVERSION = YES;
				CLANG_WARN_INFINITE_RECURSION = YES;
				CLANG_WARN_INT_CONVERSION = YES;
				CLANG_WARN_NON_LITERAL_NULL_CONVERSION = YES;
				CLANG_WARN_OBJC_IMPLICIT_RETAIN_SELF = YES;
				CLANG_WARN_OBJC_LITERAL_CONVERSION = YES;
				CLANG_WARN_OBJC_ROOT_CLASS = YES_ERROR;
				CLANG_WARN_QUOTED_INCLUDE_IN_FRAMEWORK_HEADER = YES;
				CLANG_WARN_RANGE_LOOP_ANALYSIS = YES;
				CLANG_WARN_STRICT_PROTOTYPES = YES;
				CLANG_WARN_SUSPICIOUS_MOVE = YES;
				CLANG_WARN_UNGUARDED_AVAILABILITY = YES_AGGRESSIVE;
				CLANG_WARN_UNREACHABLE_CODE = YES;
				CLANG_WARN__DUPLICATE_METHOD_MATCH = YES;
				COPY_PHASE_STRIP = NO;
				DEBUG_INFORMATION_FORMAT = "dwarf-with-dsym";
				ENABLE_NS_ASSERTIONS = NO;
				ENABLE_STRICT_OBJC_MSGSEND = YES;
				ENABLE_USER_SCRIPT_SANDBOXING = YES;
				GCC_C_LANGUAGE_STANDARD = gnu17;
				GCC_NO_COMMON_BLOCKS = YES;
				GCC_WARN_64_TO_32_BIT_CONVERSION = YES;
				GCC_WARN_ABOUT_RETURN_TYPE = YES_ERROR;
				GCC_WARN_UNDECLARED_SELECTOR = YES;
				GCC_WARN_UNINITIALIZED_AUTOS = YES_AGGRESSIVE;
				GCC_WARN_UNUSED_FUNCTION = YES;
				GCC_WARN_UNUSED_VARIABLE = YES;
				LOCALIZATION_PREFERS_STRING_CATALOGS = YES;
				MTL_ENABLE_DEBUG_INFO = NO;
				MTL_FAST_MATH = YES;
				SWIFT_COMPILATION_MODE = wholemodule;
			};
			name = Release;
		};
		2E0B4B2F2B0691B00028972F /* Debug */ = {
			isa = XCBuildConfiguration;
			buildSettings = {
				ASSETCATALOG_COMPILER_APPICON_NAME = AppIcon;
				ASSETCATALOG_COMPILER_GLOBAL_ACCENT_COLOR_NAME = AccentColor;
				CODE_SIGN_ENTITLEMENTS = Festival/Festival.entitlements;
				CODE_SIGN_STYLE = Automatic;
				CURRENT_PROJECT_VERSION = 1;
				DEVELOPMENT_ASSET_PATHS = "\"Festival/Preview Content\"";
				ENABLE_PREVIEWS = YES;
				GENERATE_INFOPLIST_FILE = YES;
				"INFOPLIST_KEY_UIApplicationSceneManifest_Generation[sdk=iphoneos*]" = YES;
				"INFOPLIST_KEY_UIApplicationSceneManifest_Generation[sdk=iphonesimulator*]" = YES;
				"INFOPLIST_KEY_UIApplicationSupportsIndirectInputEvents[sdk=iphoneos*]" = YES;
				"INFOPLIST_KEY_UIApplicationSupportsIndirectInputEvents[sdk=iphonesimulator*]" = YES;
				"INFOPLIST_KEY_UILaunchScreen_Generation[sdk=iphoneos*]" = YES;
				"INFOPLIST_KEY_UILaunchScreen_Generation[sdk=iphonesimulator*]" = YES;
				"INFOPLIST_KEY_UIStatusBarStyle[sdk=iphoneos*]" = UIStatusBarStyleDefault;
				"INFOPLIST_KEY_UIStatusBarStyle[sdk=iphonesimulator*]" = UIStatusBarStyleDefault;
				INFOPLIST_KEY_UISupportedInterfaceOrientations_iPad = "UIInterfaceOrientationPortrait UIInterfaceOrientationPortraitUpsideDown UIInterfaceOrientationLandscapeLeft UIInterfaceOrientationLandscapeRight";
				INFOPLIST_KEY_UISupportedInterfaceOrientations_iPhone = "UIInterfaceOrientationPortrait UIInterfaceOrientationLandscapeLeft UIInterfaceOrientationLandscapeRight";
				IPHONEOS_DEPLOYMENT_TARGET = 17.0;
				LD_RUNPATH_SEARCH_PATHS = "@executable_path/Frameworks";
				"LD_RUNPATH_SEARCH_PATHS[sdk=macosx*]" = "@executable_path/../Frameworks";
				MACOSX_DEPLOYMENT_TARGET = 14.0;
				MARKETING_VERSION = 1.0;
				PRODUCT_BUNDLE_IDENTIFIER = share.Festival;
				PRODUCT_NAME = "$(TARGET_NAME)";
				SDKROOT = auto;
				SUPPORTED_PLATFORMS = "iphoneos iphonesimulator";
				SUPPORTS_MACCATALYST = NO;
				SWIFT_EMIT_LOC_STRINGS = YES;
				SWIFT_VERSION = 5.0;
				TARGETED_DEVICE_FAMILY = "1,2";
			};
			name = Debug;
		};
		2E0B4B302B0691B00028972F /* Release */ = {
			isa = XCBuildConfiguration;
			buildSettings = {
				ASSETCATALOG_COMPILER_APPICON_NAME = AppIcon;
				ASSETCATALOG_COMPILER_GLOBAL_ACCENT_COLOR_NAME = AccentColor;
				CODE_SIGN_ENTITLEMENTS = Festival/Festival.entitlements;
				CODE_SIGN_STYLE = Automatic;
				CURRENT_PROJECT_VERSION = 1;
				DEVELOPMENT_ASSET_PATHS = "\"Festival/Preview Content\"";
				ENABLE_PREVIEWS = YES;
				GENERATE_INFOPLIST_FILE = YES;
				"INFOPLIST_KEY_UIApplicationSceneManifest_Generation[sdk=iphoneos*]" = YES;
				"INFOPLIST_KEY_UIApplicationSceneManifest_Generation[sdk=iphonesimulator*]" = YES;
				"INFOPLIST_KEY_UIApplicationSupportsIndirectInputEvents[sdk=iphoneos*]" = YES;
				"INFOPLIST_KEY_UIApplicationSupportsIndirectInputEvents[sdk=iphonesimulator*]" = YES;
				"INFOPLIST_KEY_UILaunchScreen_Generation[sdk=iphoneos*]" = YES;
				"INFOPLIST_KEY_UILaunchScreen_Generation[sdk=iphonesimulator*]" = YES;
				"INFOPLIST_KEY_UIStatusBarStyle[sdk=iphoneos*]" = UIStatusBarStyleDefault;
				"INFOPLIST_KEY_UIStatusBarStyle[sdk=iphonesimulator*]" = UIStatusBarStyleDefault;
				INFOPLIST_KEY_UISupportedInterfaceOrientations_iPad = "UIInterfaceOrientationPortrait UIInterfaceOrientationPortraitUpsideDown UIInterfaceOrientationLandscapeLeft UIInterfaceOrientationLandscapeRight";
				INFOPLIST_KEY_UISupportedInterfaceOrientations_iPhone = "UIInterfaceOrientationPortrait UIInterfaceOrientationLandscapeLeft UIInterfaceOrientationLandscapeRight";
				IPHONEOS_DEPLOYMENT_TARGET = 17.0;
				LD_RUNPATH_SEARCH_PATHS = "@executable_path/Frameworks";
				"LD_RUNPATH_SEARCH_PATHS[sdk=macosx*]" = "@executable_path/../Frameworks";
				MACOSX_DEPLOYMENT_TARGET = 14.0;
				MARKETING_VERSION = 1.0;
				PRODUCT_BUNDLE_IDENTIFIER = share.Festival;
				PRODUCT_NAME = "$(TARGET_NAME)";
				SDKROOT = auto;
				SUPPORTED_PLATFORMS = "iphoneos iphonesimulator";
				SUPPORTS_MACCATALYST = NO;
				SWIFT_EMIT_LOC_STRINGS = YES;
				SWIFT_VERSION = 5.0;
				TARGETED_DEVICE_FAMILY = "1,2";
			};
			name = Release;
		};
		2E0B4B322B0691B00028972F /* Debug */ = {
			isa = XCBuildConfiguration;
			buildSettings = {
				ALWAYS_EMBED_SWIFT_STANDARD_LIBRARIES = YES;
				BUNDLE_LOADER = "$(TEST_HOST)";
				CODE_SIGN_STYLE = Automatic;
				CURRENT_PROJECT_VERSION = 1;
				GENERATE_INFOPLIST_FILE = YES;
				IPHONEOS_DEPLOYMENT_TARGET = 17.0;
				MACOSX_DEPLOYMENT_TARGET = 14.0;
				MARKETING_VERSION = 1.0;
				PRODUCT_BUNDLE_IDENTIFIER = share.FestivalTests;
				PRODUCT_NAME = "$(TARGET_NAME)";
				SDKROOT = auto;
				SUPPORTED_PLATFORMS = "iphoneos iphonesimulator macosx";
				SWIFT_EMIT_LOC_STRINGS = NO;
				SWIFT_VERSION = 5.0;
				TARGETED_DEVICE_FAMILY = "1,2";
				TEST_HOST = "$(BUILT_PRODUCTS_DIR)/Festival.app/$(BUNDLE_EXECUTABLE_FOLDER_PATH)/Festival";
			};
			name = Debug;
		};
		2E0B4B332B0691B00028972F /* Release */ = {
			isa = XCBuildConfiguration;
			buildSettings = {
				ALWAYS_EMBED_SWIFT_STANDARD_LIBRARIES = YES;
				BUNDLE_LOADER = "$(TEST_HOST)";
				CODE_SIGN_STYLE = Automatic;
				CURRENT_PROJECT_VERSION = 1;
				GENERATE_INFOPLIST_FILE = YES;
				IPHONEOS_DEPLOYMENT_TARGET = 17.0;
				MACOSX_DEPLOYMENT_TARGET = 14.0;
				MARKETING_VERSION = 1.0;
				PRODUCT_BUNDLE_IDENTIFIER = share.FestivalTests;
				PRODUCT_NAME = "$(TARGET_NAME)";
				SDKROOT = auto;
				SUPPORTED_PLATFORMS = "iphoneos iphonesimulator macosx";
				SWIFT_EMIT_LOC_STRINGS = NO;
				SWIFT_VERSION = 5.0;
				TARGETED_DEVICE_FAMILY = "1,2";
				TEST_HOST = "$(BUILT_PRODUCTS_DIR)/Festival.app/$(BUNDLE_EXECUTABLE_FOLDER_PATH)/Festival";
			};
			name = Release;
		};
/* End XCBuildConfiguration section */

/* Begin XCConfigurationList section */
		2E0B4B042B0691AF0028972F /* Build configuration list for PBXProject "Festival" */ = {
			isa = XCConfigurationList;
			buildConfigurations = (
				2E0B4B2C2B0691B00028972F /* Debug */,
				2E0B4B2D2B0691B00028972F /* Release */,
			);
			defaultConfigurationIsVisible = 0;
			defaultConfigurationName = Release;
		};
		2E0B4B2E2B0691B00028972F /* Build configuration list for PBXNativeTarget "Festival" */ = {
			isa = XCConfigurationList;
			buildConfigurations = (
				2E0B4B2F2B0691B00028972F /* Debug */,
				2E0B4B302B0691B00028972F /* Release */,
			);
			defaultConfigurationIsVisible = 0;
			defaultConfigurationName = Release;
		};
		2E0B4B312B0691B00028972F /* Build configuration list for PBXNativeTarget "FestivalTests" */ = {
			isa = XCConfigurationList;
			buildConfigurations = (
				2E0B4B322B0691B00028972F /* Debug */,
				2E0B4B332B0691B00028972F /* Release */,
			);
			defaultConfigurationIsVisible = 0;
			defaultConfigurationName = Release;
		};
/* End XCConfigurationList section */

/* Begin XCRemoteSwiftPackageReference section */
		2E0B4B612B0822C00028972F /* XCRemoteSwiftPackageReference "ScrollKit" */ = {
			isa = XCRemoteSwiftPackageReference;
			repositoryURL = "https://github.com/danielsaidi/ScrollKit.git";
			requirement = {
				kind = upToNextMajorVersion;
				minimumVersion = 0.3.0;
			};
		};
/* End XCRemoteSwiftPackageReference section */

/* Begin XCSwiftPackageProductDependency section */
		2E0B4B622B0822C00028972F /* ScrollKit */ = {
			isa = XCSwiftPackageProductDependency;
			package = 2E0B4B612B0822C00028972F /* XCRemoteSwiftPackageReference "ScrollKit" */;
			productName = ScrollKit;
		};
/* End XCSwiftPackageProductDependency section */
	};
	rootObject = 2E0B4B012B0691AF0028972F /* Project object */;
}
